
Microsoft Visual Studio Solution File, Format Version 12.00
# Visual Studio Version 16
VisualStudioVersion = 16.0.30104.148
MinimumVisualStudioVersion = 10.0.40219.1
Project("{FAE04EC0-301F-11D3-BF4B-00C04F79EFBC}") = "Employee Management System", "Employee Management System\Employee Management System.csproj", "{EAE2B56C-1005-4EBD-A493-799AE93485AF}"
EndProject
Global
	GlobalSection(SolutionConfigurationPlatforms) = preSolution
		Debug|Any CPU = Debug|Any CPU
		Release|Any CPU = Release|Any CPU
	EndGlobalSection
	GlobalSection(ProjectConfigurationPlatforms) = postSolution
		{EAE2B56C-1005-4EBD-A493-799AE93485AF}.Debug|Any CPU.ActiveCfg = Debug|Any CPU
		{EAE2B56C-1005-4EBD-A493-799AE93485AF}.Debug|Any CPU.Build.0 = Debug|Any CPU
		{EAE2B56C-1005-4EBD-A493-799AE93485AF}.Release|Any CPU.ActiveCfg = Release|Any CPU
		{EAE2B56C-1005-4EBD-A493-799AE93485AF}.Release|Any CPU.Build.0 = Release|Any CPU
	EndGlobalSection
	GlobalSection(SolutionProperties) = preSolution
		HideSolutionNode = FALSE
	EndGlobalSection
	GlobalSection(ExtensibilityGlobals) = postSolution
		SolutionGuid = {66D7BF69-177D-4455-9AC1-6A986EF4E170}
	EndGlobalSection
EndGlobal
